version = 1
revision = 1
requires-python = ">=3.13"

[[package]]
name = "autograder"
version = "0.1.0"
source = { virtual = "." }
dependencies = [
    { name = "certifi" },
    { name = "charset-normalizer" },
    { name = "idna" },
    { name = "requests" },
    { name = "tomlkit" },
    { name = "urllib3" },
]

[package.metadata]
requires-dist = [
    { name = "certifi", specifier = "==2022.6.15" },
    { name = "charset-normalizer", specifier = "==2.1.0" },
    { name = "idna", specifier = "==3.3" },
    { name = "requests", specifier = "==2.28.1" },
    { name = "tomlkit", specifier = "==0.11.1" },
    { name = "urllib3", specifier = "==1.26.11" },
]

[[package]]
name = "certifi"
version = "2022.6.15"
source = { registry = "https://pypi.org/simple" }
sdist = { url = "https://files.pythonhosted.org/packages/cc/85/319a8a684e8ac6d87a1193090e06b6bbb302717496380e225ee10487c888/certifi-2022.6.15.tar.gz", hash = "sha256:84c85a9078b11105f04f3036a9482ae10e4621616db313fe045dd24743a0820d", size = 161762 }
wheels = [
    { url = "https://files.pythonhosted.org/packages/e9/06/d3d367b7af6305b16f0d28ae2aaeb86154fa91f144f036c2d5002a5a202b/certifi-2022.6.15-py3-none-any.whl", hash = "sha256:fe86415d55e84719d75f8b69414f6438ac3547d2078ab91b67e779ef69378412", size = 160247 },
]

[[package]]
name = "charset-normalizer"
version = "2.1.0"
source = { registry = "https://pypi.org/simple" }
sdist = { url = "https://files.pythonhosted.org/packages/93/1d/d9392056df6670ae2a29fcb04cfa5cee9f6fbde7311a1bb511d4115e9b7a/charset-normalizer-2.1.0.tar.gz", hash = "sha256:575e708016ff3a5e3681541cb9d79312c416835686d054a23accb873b254f413", size = 81769 }
wheels = [
    { url = "https://files.pythonhosted.org/packages/94/69/64b11e8c2fb21f08634468caef885112e682b0ebe2908e74d3616eb1c113/charset_normalizer-2.1.0-py3-none-any.whl", hash = "sha256:5189b6f22b01957427f35b6a08d9a0bc45b46d3788ef5a92e978433c7a35f8a5", size = 39548 },
]

[[package]]
name = "idna"
version = "3.3"
source = { registry = "https://pypi.org/simple" }
sdist = { url = "https://files.pythonhosted.org/packages/62/08/e3fc7c8161090f742f504f40b1bccbfc544d4a4e09eb774bf40aafce5436/idna-3.3.tar.gz", hash = "sha256:9d643ff0a55b762d5cdb124b8eaa99c66322e2157b69160bc32796e824360e6d", size = 286689 }
wheels = [
    { url = "https://files.pythonhosted.org/packages/04/a2/d918dcd22354d8958fe113e1a3630137e0fc8b44859ade3063982eacd2a4/idna-3.3-py3-none-any.whl", hash = "sha256:84d9dd047ffa80596e0f246e2eab0b391788b0503584e8945f2368256d2735ff", size = 61160 },
]

[[package]]
name = "requests"
version = "2.28.1"
source = { registry = "https://pypi.org/simple" }
dependencies = [
    { name = "certifi" },
    { name = "charset-normalizer" },
    { name = "idna" },
    { name = "urllib3" },
]
sdist = { url = "https://files.pythonhosted.org/packages/a5/61/a867851fd5ab77277495a8709ddda0861b28163c4613b011bc00228cc724/requests-2.28.1.tar.gz", hash = "sha256:7c5599b102feddaa661c826c56ab4fee28bfd17f5abca1ebbe3e7f19d7c97983", size = 109805 }
wheels = [
    { url = "https://files.pythonhosted.org/packages/ca/91/6d9b8ccacd0412c08820f72cebaa4f0c0441b5cda699c90f618b6f8a1b42/requests-2.28.1-py3-none-any.whl", hash = "sha256:8fefa2a1a1365bf5520aac41836fbee479da67864514bdb821f31ce07ce65349", size = 62843 },
]

[[package]]
name = "tomlkit"
version = "0.11.1"
source = { registry = "https://pypi.org/simple" }
sdist = { url = "https://files.pythonhosted.org/packages/1e/81/93889ea6641154b22f26036bc4ef800b06df84fc647a6ded5abdc2f06dcf/tomlkit-0.11.1.tar.gz", hash = "sha256:61901f81ff4017951119cd0d1ed9b7af31c821d6845c8c477587bbdcd5e5854e", size = 186422 }
wheels = [
    { url = "https://files.pythonhosted.org/packages/be/45/dd46f13f03f763ac6e1f390dcbdc9d73e1bbc5b0e3c42be673ee5858f304/tomlkit-0.11.1-py3-none-any.whl", hash = "sha256:1c5bebdf19d5051e2e1de6cf70adfc5948d47221f097fcff7a3ffc91e953eaf5", size = 34984 },
]

[[package]]
name = "urllib3"
version = "1.26.11"
source = { registry = "https://pypi.org/simple" }
sdist = { url = "https://files.pythonhosted.org/packages/6d/d5/e8258b334c9eb8eb78e31be92ea0d5da83ddd9385dc967dd92737604d239/urllib3-1.26.11.tar.gz", hash = "sha256:ea6e8fb210b19d950fab93b60c9009226c63a28808bc8386e05301e25883ac0a", size = 299255 }
wheels = [
    { url = "https://files.pythonhosted.org/packages/d1/cb/4783c8f1a90f89e260dbf72ebbcf25931f3a28f8f80e2e90f8a589941b19/urllib3-1.26.11-py2.py3-none-any.whl", hash = "sha256:c33ccba33c819596124764c23a97d25f32b28433ba0dedeb77d873a38722c9bc", size = 139901 },
]
